// !$*UTF8*$!
{
	archiveVersion = 1;
	classes = {
	};
	objectVersion = 56;
	objects = {

/* Begin PBXBuildFile section */
		D93B5A0C2AAC137600048DED /* AppDelegate.swift in Sources */ = {isa = PBXBuildFile; fileRef = D93B5A0B2AAC137600048DED /* AppDelegate.swift */; };
		D93B5A0E2AAC137600048DED /* SceneDelegate.swift in Sources */ = {isa = PBXBuildFile; fileRef = D93B5A0D2AAC137600048DED /* SceneDelegate.swift */; };
		D93B5A102AAC137600048DED /* LoginViewController.swift in Sources */ = {isa = PBXBuildFile; fileRef = D93B5A0F2AAC137600048DED /* LoginViewController.swift */; };
		D93B5A132AAC137600048DED /* Main.storyboard in Resources */ = {isa = PBXBuildFile; fileRef = D93B5A112AAC137600048DED /* Main.storyboard */; };
		D93B5A162AAC137600048DED /* CoreDataApp.xcdatamodeld in Sources */ = {isa = PBXBuildFile; fileRef = D93B5A142AAC137600048DED /* CoreDataApp.xcdatamodeld */; };
		D93B5A182AAC137700048DED /* Assets.xcassets in Resources */ = {isa = PBXBuildFile; fileRef = D93B5A172AAC137700048DED /* Assets.xcassets */; };
		D93B5A1B2AAC137700048DED /* LaunchScreen.storyboard in Resources */ = {isa = PBXBuildFile; fileRef = D93B5A192AAC137700048DED /* LaunchScreen.storyboard */; };
		D93B5A2A2AAC31D300048DED /* RegistrationViewController.swift in Sources */ = {isa = PBXBuildFile; fileRef = D93B5A292AAC31D300048DED /* RegistrationViewController.swift */; };
		D93B5A2C2AAC31EE00048DED /* DetailsViewController.swift in Sources */ = {isa = PBXBuildFile; fileRef = D93B5A2B2AAC31EE00048DED /* DetailsViewController.swift */; };
		D93B5A2E2AAD5CAB00048DED /* StorageManager.swift in Sources */ = {isa = PBXBuildFile; fileRef = D93B5A2D2AAD5CAB00048DED /* StorageManager.swift */; };
		D93B5A4B2AB1473800048DED /* User+CoreDataClass.swift in Sources */ = {isa = PBXBuildFile; fileRef = D93B5A472AB1473800048DED /* User+CoreDataClass.swift */; };
		D93B5A4C2AB1473800048DED /* User+CoreDataProperties.swift in Sources */ = {isa = PBXBuildFile; fileRef = D93B5A482AB1473800048DED /* User+CoreDataProperties.swift */; };
		D93B5A4D2AB1473800048DED /* Profile+CoreDataClass.swift in Sources */ = {isa = PBXBuildFile; fileRef = D93B5A492AB1473800048DED /* Profile+CoreDataClass.swift */; };
		D93B5A4E2AB1473800048DED /* Profile+CoreDataProperties.swift in Sources */ = {isa = PBXBuildFile; fileRef = D93B5A4A2AB1473800048DED /* Profile+CoreDataProperties.swift */; };
/* End PBXBuildFile section */

/* Begin PBXFileReference section */
		D93B5A082AAC137600048DED /* CoreDataApp.app */ = {isa = PBXFileReference; explicitFileType = wrapper.application; includeInIndex = 0; path = CoreDataApp.app; sourceTree = BUILT_PRODUCTS_DIR; };
		D93B5A0B2AAC137600048DED /* AppDelegate.swift */ = {isa = PBXFileReference; lastKnownFileType = sourcecode.swift; path = AppDelegate.swift; sourceTree = "<group>"; };
		D93B5A0D2AAC137600048DED /* SceneDelegate.swift */ = {isa = PBXFileReference; lastKnownFileType = sourcecode.swift; path = SceneDelegate.swift; sourceTree = "<group>"; };
		D93B5A0F2AAC137600048DED /* LoginViewController.swift */ = {isa = PBXFileReference; lastKnownFileType = sourcecode.swift; path = LoginViewController.swift; sourceTree = "<group>"; };
		D93B5A122AAC137600048DED /* Base */ = {isa = PBXFileReference; lastKnownFileType = file.storyboard; name = Base; path = Base.lproj/Main.storyboard; sourceTree = "<group>"; };
		D93B5A152AAC137600048DED /* CoreDataApp.xcdatamodel */ = {isa = PBXFileReference; lastKnownFileType = wrapper.xcdatamodel; path = CoreDataApp.xcdatamodel; sourceTree = "<group>"; };
		D93B5A172AAC137700048DED /* Assets.xcassets */ = {isa = PBXFileReference; lastKnownFileType = folder.assetcatalog; path = Assets.xcassets; sourceTree = "<group>"; };
		D93B5A1A2AAC137700048DED /* Base */ = {isa = PBXFileReference; lastKnownFileType = file.storyboard; name = Base; path = Base.lproj/LaunchScreen.storyboard; sourceTree = "<group>"; };
		D93B5A1C2AAC137700048DED /* Info.plist */ = {isa = PBXFileReference; lastKnownFileType = text.plist.xml; path = Info.plist; sourceTree = "<group>"; };
		D93B5A292AAC31D300048DED /* RegistrationViewController.swift */ = {isa = PBXFileReference; lastKnownFileType = sourcecode.swift; path = RegistrationViewController.swift; sourceTree = "<group>"; };
		D93B5A2B2AAC31EE00048DED /* DetailsViewController.swift */ = {isa = PBXFileReference; lastKnownFileType = sourcecode.swift; path = DetailsViewController.swift; sourceTree = "<group>"; };
		D93B5A2D2AAD5CAB00048DED /* StorageManager.swift */ = {isa = PBXFileReference; lastKnownFileType = sourcecode.swift; path = StorageManager.swift; sourceTree = "<group>"; };
		D93B5A472AB1473800048DED /* User+CoreDataClass.swift */ = {isa = PBXFileReference; lastKnownFileType = sourcecode.swift; path = "User+CoreDataClass.swift"; sourceTree = "<group>"; };
		D93B5A482AB1473800048DED /* User+CoreDataProperties.swift */ = {isa = PBXFileReference; lastKnownFileType = sourcecode.swift; path = "User+CoreDataProperties.swift"; sourceTree = "<group>"; };
		D93B5A492AB1473800048DED /* Profile+CoreDataClass.swift */ = {isa = PBXFileReference; lastKnownFileType = sourcecode.swift; path = "Profile+CoreDataClass.swift"; sourceTree = "<group>"; };
		D93B5A4A2AB1473800048DED /* Profile+CoreDataProperties.swift */ = {isa = PBXFileReference; lastKnownFileType = sourcecode.swift; path = "Profile+CoreDataProperties.swift"; sourceTree = "<group>"; };
/* End PBXFileReference section */

/* Begin PBXFrameworksBuildPhase section */
		D93B5A052AAC137600048DED /* Frameworks */ = {
			isa = PBXFrameworksBuildPhase;
			buildActionMask = 2147483647;
			files = (
			);
			runOnlyForDeploymentPostprocessing = 0;
		};
/* End PBXFrameworksBuildPhase section */

/* Begin PBXGroup section */
		D93B59FF2AAC137600048DED = {
			isa = PBXGroup;
			children = (
				D93B5A0A2AAC137600048DED /* CoreDataApp */,
				D93B5A092AAC137600048DED /* Products */,
			);
			sourceTree = "<group>";
		};
		D93B5A092AAC137600048DED /* Products */ = {
			isa = PBXGroup;
			children = (
				D93B5A082AAC137600048DED /* CoreDataApp.app */,
			);
			name = Products;
			sourceTree = "<group>";
		};
		D93B5A0A2AAC137600048DED /* CoreDataApp */ = {
			isa = PBXGroup;
			children = (
				D93B5A222AAC139900048DED /* App */,
				D93B5A232AAC139F00048DED /* ViewControllers */,
				D93B5A242AAC13AC00048DED /* Storyboards */,
				D93B5A252AAC13B300048DED /* Resources */,
				D93B5A262AAC13D700048DED /* Services */,
			);
			path = CoreDataApp;
			sourceTree = "<group>";
		};
		D93B5A222AAC139900048DED /* App */ = {
			isa = PBXGroup;
			children = (
				D93B5A0B2AAC137600048DED /* AppDelegate.swift */,
				D93B5A0D2AAC137600048DED /* SceneDelegate.swift */,
				D93B5A1C2AAC137700048DED /* Info.plist */,
			);
			path = App;
			sourceTree = "<group>";
		};
		D93B5A232AAC139F00048DED /* ViewControllers */ = {
			isa = PBXGroup;
			children = (
				D93B5A0F2AAC137600048DED /* LoginViewController.swift */,
				D93B5A292AAC31D300048DED /* RegistrationViewController.swift */,
				D93B5A2B2AAC31EE00048DED /* DetailsViewController.swift */,
			);
			path = ViewControllers;
			sourceTree = "<group>";
		};
		D93B5A242AAC13AC00048DED /* Storyboards */ = {
			isa = PBXGroup;
			children = (
				D93B5A112AAC137600048DED /* Main.storyboard */,
				D93B5A192AAC137700048DED /* LaunchScreen.storyboard */,
			);
			path = Storyboards;
			sourceTree = "<group>";
		};
		D93B5A252AAC13B300048DED /* Resources */ = {
			isa = PBXGroup;
			children = (
				D93B5A172AAC137700048DED /* Assets.xcassets */,
			);
			path = Resources;
			sourceTree = "<group>";
		};
		D93B5A262AAC13D700048DED /* Services */ = {
			isa = PBXGroup;
			children = (
				D93B5A472AB1473800048DED /* User+CoreDataClass.swift */,
				D93B5A482AB1473800048DED /* User+CoreDataProperties.swift */,
				D93B5A492AB1473800048DED /* Profile+CoreDataClass.swift */,
				D93B5A4A2AB1473800048DED /* Profile+CoreDataProperties.swift */,
				D93B5A142AAC137600048DED /* CoreDataApp.xcdatamodeld */,
				D93B5A2D2AAD5CAB00048DED /* StorageManager.swift */,
			);
			path = Services;
			sourceTree = "<group>";
		};
/* End PBXGroup section */

/* Begin PBXNativeTarget section */
		D93B5A072AAC137600048DED /* CoreDataApp */ = {
			isa = PBXNativeTarget;
			buildConfigurationList = D93B5A1F2AAC137700048DED /* Build configuration list for PBXNativeTarget "CoreDataApp" */;
			buildPhases = (
				D93B5A042AAC137600048DED /* Sources */,
				D93B5A052AAC137600048DED /* Frameworks */,
				D93B5A062AAC137600048DED /* Resources */,
			);
			buildRules = (
			);
			dependencies = (
			);
			name = CoreDataApp;
			productName = CoreDataApp;
			productReference = D93B5A082AAC137600048DED /* CoreDataApp.app */;
			productType = "com.apple.product-type.application";
		};
/* End PBXNativeTarget section */

/* Begin PBXProject section */
		D93B5A002AAC137600048DED /* Project object */ = {
			isa = PBXProject;
			attributes = {
				BuildIndependentTargetsInParallel = 1;
				LastSwiftUpdateCheck = 1430;
				LastUpgradeCheck = 1430;
				TargetAttributes = {
					D93B5A072AAC137600048DED = {
						CreatedOnToolsVersion = 14.3.1;
					};
				};
			};
			buildConfigurationList = D93B5A032AAC137600048DED /* Build configuration list for PBXProject "CoreDataApp" */;
			compatibilityVersion = "Xcode 14.0";
			developmentRegion = en;
			hasScannedForEncodings = 0;
			knownRegions = (
				en,
				Base,
			);
			mainGroup = D93B59FF2AAC137600048DED;
			productRefGroup = D93B5A092AAC137600048DED /* Products */;
			projectDirPath = "";
			projectRoot = "";
			targets = (
				D93B5A072AAC137600048DED /* CoreDataApp */,
			);
		};
/* End PBXProject section */

/* Begin PBXResourcesBuildPhase section */
		D93B5A062AAC137600048DED /* Resources */ = {
			isa = PBXResourcesBuildPhase;
			buildActionMask = 2147483647;
			files = (
				D93B5A1B2AAC137700048DED /* LaunchScreen.storyboard in Resources */,
				D93B5A182AAC137700048DED /* Assets.xcassets in Resources */,
				D93B5A132AAC137600048DED /* Main.storyboard in Resources */,
			);
			runOnlyForDeploymentPostprocessing = 0;
		};
/* End PBXResourcesBuildPhase section */

/* Begin PBXSourcesBuildPhase section */
		D93B5A042AAC137600048DED /* Sources */ = {
			isa = PBXSourcesBuildPhase;
			buildActionMask = 2147483647;
			files = (
				D93B5A162AAC137600048DED /* CoreDataApp.xcdatamodeld in Sources */,
				D93B5A4D2AB1473800048DED /* Profile+CoreDataClass.swift in Sources */,
				D93B5A102AAC137600048DED /* LoginViewController.swift in Sources */,
				D93B5A0C2AAC137600048DED /* AppDelegate.swift in Sources */,
				D93B5A2E2AAD5CAB00048DED /* StorageManager.swift in Sources */,
				D93B5A0E2AAC137600048DED /* SceneDelegate.swift in Sources */,
				D93B5A2A2AAC31D300048DED /* RegistrationViewController.swift in Sources */,
				D93B5A4E2AB1473800048DED /* Profile+CoreDataProperties.swift in Sources */,
				D93B5A4B2AB1473800048DED /* User+CoreDataClass.swift in Sources */,
				D93B5A2C2AAC31EE00048DED /* DetailsViewController.swift in Sources */,
				D93B5A4C2AB1473800048DED /* User+CoreDataProperties.swift in Sources */,
			);
			runOnlyForDeploymentPostprocessing = 0;
		};
/* End PBXSourcesBuildPhase section */

/* Begin PBXVariantGroup section */
		D93B5A112AAC137600048DED /* Main.storyboard */ = {
			isa = PBXVariantGroup;
			children = (
				D93B5A122AAC137600048DED /* Base */,
			);
			name = Main.storyboard;
			sourceTree = "<group>";
		};
		D93B5A192AAC137700048DED /* LaunchScreen.storyboard */ = {
			isa = PBXVariantGroup;
			children = (
				D93B5A1A2AAC137700048DED /* Base */,
			);
			name = LaunchScreen.storyboard;
			sourceTree = "<group>";
		};
/* End PBXVariantGroup section */

/* Begin XCBuildConfiguration section */
		D93B5A1D2AAC137700048DED /* Debug */ = {
			isa = XCBuildConfiguration;
			buildSettings = {
				ALWAYS_SEARCH_USER_PATHS = NO;
				CLANG_ANALYZER_NONNULL = YES;
				CLANG_ANALYZER_NUMBER_OBJECT_CONVERSION = YES_AGGRESSIVE;
				CLANG_CXX_LANGUAGE_STANDARD = "gnu++20";
				CLANG_ENABLE_MODULES = YES;
				CLANG_ENABLE_OBJC_ARC = YES;
				CLANG_ENABLE_OBJC_WEAK = YES;
				CLANG_WARN_BLOCK_CAPTURE_AUTORELEASING = YES;
				CLANG_WARN_BOOL_CONVERSION = YES;
				CLANG_WARN_COMMA = YES;
				CLANG_WARN_CONSTANT_CONVERSION = YES;
				CLANG_WARN_DEPRECATED_OBJC_IMPLEMENTATIONS = YES;
				CLANG_WARN_DIRECT_OBJC_ISA_USAGE = YES_ERROR;
				CLANG_WARN_DOCUMENTATION_COMMENTS = YES;
				CLANG_WARN_EMPTY_BODY = YES;
				CLANG_WARN_ENUM_CONVERSION = YES;
				CLANG_WARN_INFINITE_RECURSION = YES;
				CLANG_WARN_INT_CONVERSION = YES;
				CLANG_WARN_NON_LITERAL_NULL_CONVERSION = YES;
				CLANG_WARN_OBJC_IMPLICIT_RETAIN_SELF = YES;
				CLANG_WARN_OBJC_LITERAL_CONVERSION = YES;
				CLANG_WARN_OBJC_ROOT_CLASS = YES_ERROR;
				CLANG_WARN_QUOTED_INCLUDE_IN_FRAMEWORK_HEADER = YES;
				CLANG_WARN_RANGE_LOOP_ANALYSIS = YES;
				CLANG_WARN_STRICT_PROTOTYPES = YES;
				CLANG_WARN_SUSPICIOUS_MOVE = YES;
				CLANG_WARN_UNGUARDED_AVAILABILITY = YES_AGGRESSIVE;
				CLANG_WARN_UNREACHABLE_CODE = YES;
				CLANG_WARN__DUPLICATE_METHOD_MATCH = YES;
				COPY_PHASE_STRIP = NO;
				DEBUG_INFORMATION_FORMAT = dwarf;
				ENABLE_STRICT_OBJC_MSGSEND = YES;
				ENABLE_TESTABILITY = YES;
				GCC_C_LANGUAGE_STANDARD = gnu11;
				GCC_DYNAMIC_NO_PIC = NO;
				GCC_NO_COMMON_BLOCKS = YES;
				GCC_OPTIMIZATION_LEVEL = 0;
				GCC_PREPROCESSOR_DEFINITIONS = (
					"DEBUG=1",
					"$(inherited)",
				);
				GCC_WARN_64_TO_32_BIT_CONVERSION = YES;
				GCC_WARN_ABOUT_RETURN_TYPE = YES_ERROR;
				GCC_WARN_UNDECLARED_SELECTOR = YES;
				GCC_WARN_UNINITIALIZED_AUTOS = YES_AGGRESSIVE;
				GCC_WARN_UNUSED_FUNCTION = YES;
				GCC_WARN_UNUSED_VARIABLE = YES;
				IPHONEOS_DEPLOYMENT_TARGET = 16.4;
				MTL_ENABLE_DEBUG_INFO = INCLUDE_SOURCE;
				MTL_FAST_MATH = YES;
				ONLY_ACTIVE_ARCH = YES;
				SDKROOT = iphoneos;
				SWIFT_ACTIVE_COMPILATION_CONDITIONS = DEBUG;
				SWIFT_OPTIMIZATION_LEVEL = "-Onone";
			};
			name = Debug;
		};
		D93B5A1E2AAC137700048DED /* Release */ = {
			isa = XCBuildConfiguration;
			buildSettings = {
				ALWAYS_SEARCH_USER_PATHS = NO;
				CLANG_ANALYZER_NONNULL = YES;
				CLANG_ANALYZER_NUMBER_OBJECT_CONVERSION = YES_AGGRESSIVE;
				CLANG_CXX_LANGUAGE_STANDARD = "gnu++20";
				CLANG_ENABLE_MODULES = YES;
				CLANG_ENABLE_OBJC_ARC = YES;
				CLANG_ENABLE_OBJC_WEAK = YES;
				CLANG_WARN_BLOCK_CAPTURE_AUTORELEASING = YES;
				CLANG_WARN_BOOL_CONVERSION = YES;
				CLANG_WARN_COMMA = YES;
				CLANG_WARN_CONSTANT_CONVERSION = YES;
				CLANG_WARN_DEPRECATED_OBJC_IMPLEMENTATIONS = YES;
				CLANG_WARN_DIRECT_OBJC_ISA_USAGE = YES_ERROR;
				CLANG_WARN_DOCUMENTATION_COMMENTS = YES;
				CLANG_WARN_EMPTY_BODY = YES;
				CLANG_WARN_ENUM_CONVERSION = YES;
				CLANG_WARN_INFINITE_RECURSION = YES;
				CLANG_WARN_INT_CONVERSION = YES;
				CLANG_WARN_NON_LITERAL_NULL_CONVERSION = YES;
				CLANG_WARN_OBJC_IMPLICIT_RETAIN_SELF = YES;
				CLANG_WARN_OBJC_LITERAL_CONVERSION = YES;
				CLANG_WARN_OBJC_ROOT_CLASS = YES_ERROR;
				CLANG_WARN_QUOTED_INCLUDE_IN_FRAMEWORK_HEADER = YES;
				CLANG_WARN_RANGE_LOOP_ANALYSIS = YES;
				CLANG_WARN_STRICT_PROTOTYPES = YES;
				CLANG_WARN_SUSPICIOUS_MOVE = YES;
				CLANG_WARN_UNGUARDED_AVAILABILITY = YES_AGGRESSIVE;
				CLANG_WARN_UNREACHABLE_CODE = YES;
				CLANG_WARN__DUPLICATE_METHOD_MATCH = YES;
				COPY_PHASE_STRIP = NO;
				DEBUG_INFORMATION_FORMAT = "dwarf-with-dsym";
				ENABLE_NS_ASSERTIONS = NO;
				ENABLE_STRICT_OBJC_MSGSEND = YES;
				GCC_C_LANGUAGE_STANDARD = gnu11;
				GCC_NO_COMMON_BLOCKS = YES;
				GCC_WARN_64_TO_32_BIT_CONVERSION = YES;
				GCC_WARN_ABOUT_RETURN_TYPE = YES_ERROR;
				GCC_WARN_UNDECLARED_SELECTOR = YES;
				GCC_WARN_UNINITIALIZED_AUTOS = YES_AGGRESSIVE;
				GCC_WARN_UNUSED_FUNCTION = YES;
				GCC_WARN_UNUSED_VARIABLE = YES;
				IPHONEOS_DEPLOYMENT_TARGET = 16.4;
				MTL_ENABLE_DEBUG_INFO = NO;
				MTL_FAST_MATH = YES;
				SDKROOT = iphoneos;
				SWIFT_COMPILATION_MODE = wholemodule;
				SWIFT_OPTIMIZATION_LEVEL = "-O";
				VALIDATE_PRODUCT = YES;
			};
			name = Release;
		};
		D93B5A202AAC137700048DED /* Debug */ = {
			isa = XCBuildConfiguration;
			buildSettings = {
				ASSETCATALOG_COMPILER_APPICON_NAME = AppIcon;
				ASSETCATALOG_COMPILER_GLOBAL_ACCENT_COLOR_NAME = AccentColor;
				CODE_SIGN_STYLE = Automatic;
				CURRENT_PROJECT_VERSION = 1;
				DEVELOPMENT_TEAM = NTDP5U69GA;
				GENERATE_INFOPLIST_FILE = YES;
				INFOPLIST_FILE = CoreDataApp/App/Info.plist;
				INFOPLIST_KEY_UIApplicationSupportsIndirectInputEvents = YES;
				INFOPLIST_KEY_UILaunchStoryboardName = LaunchScreen;
				INFOPLIST_KEY_UIMainStoryboardFile = Main;
				INFOPLIST_KEY_UISupportedInterfaceOrientations_iPad = "UIInterfaceOrientationPortrait UIInterfaceOrientationPortraitUpsideDown UIInterfaceOrientationLandscapeLeft UIInterfaceOrientationLandscapeRight";
				INFOPLIST_KEY_UISupportedInterfaceOrientations_iPhone = "UIInterfaceOrientationPortrait UIInterfaceOrientationLandscapeLeft UIInterfaceOrientationLandscapeRight";
				LD_RUNPATH_SEARCH_PATHS = (
					"$(inherited)",
					"@executable_path/Frameworks",
				);
				MARKETING_VERSION = 1.0;
				PRODUCT_BUNDLE_IDENTIFIER = ru.swiftbook.CoreDataApp;
				PRODUCT_NAME = "$(TARGET_NAME)";
				SWIFT_EMIT_LOC_STRINGS = YES;
				SWIFT_VERSION = 5.0;
				TARGETED_DEVICE_FAMILY = "1,2";
			};
			name = Debug;
		};
		D93B5A212AAC137700048DED /* Release */ = {
			isa = XCBuildConfiguration;
			buildSettings = {
				ASSETCATALOG_COMPILER_APPICON_NAME = AppIcon;
				ASSETCATALOG_COMPILER_GLOBAL_ACCENT_COLOR_NAME = AccentColor;
				CODE_SIGN_STYLE = Automatic;
				CURRENT_PROJECT_VERSION = 1;
				DEVELOPMENT_TEAM = NTDP5U69GA;
				GENERATE_INFOPLIST_FILE = YES;
				INFOPLIST_FILE = CoreDataApp/App/Info.plist;
				INFOPLIST_KEY_UIApplicationSupportsIndirectInputEvents = YES;
				INFOPLIST_KEY_UILaunchStoryboardName = LaunchScreen;
				INFOPLIST_KEY_UIMainStoryboardFile = Main;
				INFOPLIST_KEY_UISupportedInterfaceOrientations_iPad = "UIInterfaceOrientationPortrait UIInterfaceOrientationPortraitUpsideDown UIInterfaceOrientationLandscapeLeft UIInterfaceOrientationLandscapeRight";
				INFOPLIST_KEY_UISupportedInterfaceOrientations_iPhone = "UIInterfaceOrientationPortrait UIInterfaceOrientationLandscapeLeft UIInterfaceOrientationLandscapeRight";
				LD_RUNPATH_SEARCH_PATHS = (
					"$(inherited)",
					"@executable_path/Frameworks",
				);
				MARKETING_VERSION = 1.0;
				PRODUCT_BUNDLE_IDENTIFIER = ru.swiftbook.CoreDataApp;
				PRODUCT_NAME = "$(TARGET_NAME)";
				SWIFT_EMIT_LOC_STRINGS = YES;
				SWIFT_VERSION = 5.0;
				TARGETED_DEVICE_FAMILY = "1,2";
			};
			name = Release;
		};
/* End XCBuildConfiguration section */

/* Begin XCConfigurationList section */
		D93B5A032AAC137600048DED /* Build configuration list for PBXProject "CoreDataApp" */ = {
			isa = XCConfigurationList;
			buildConfigurations = (
				D93B5A1D2AAC137700048DED /* Debug */,
				D93B5A1E2AAC137700048DED /* Release */,
			);
			defaultConfigurationIsVisible = 0;
			defaultConfigurationName = Release;
		};
		D93B5A1F2AAC137700048DED /* Build configuration list for PBXNativeTarget "CoreDataApp" */ = {
			isa = XCConfigurationList;
			buildConfigurations = (
				D93B5A202AAC137700048DED /* Debug */,
				D93B5A212AAC137700048DED /* Release */,
			);
			defaultConfigurationIsVisible = 0;
			defaultConfigurationName = Release;
		};
/* End XCConfigurationList section */

/* Begin XCVersionGroup section */
		D93B5A142AAC137600048DED /* CoreDataApp.xcdatamodeld */ = {
			isa = XCVersionGroup;
			children = (
				D93B5A152AAC137600048DED /* CoreDataApp.xcdatamodel */,
			);
			currentVersion = D93B5A152AAC137600048DED /* CoreDataApp.xcdatamodel */;
			path = CoreDataApp.xcdatamodeld;
			sourceTree = "<group>";
			versionGroupType = wrapper.xcdatamodel;
		};
/* End XCVersionGroup section */
	};
	rootObject = D93B5A002AAC137600048DED /* Project object */;
}
